// !$*UTF8*$!
{
	archiveVersion = 1;
	classes = {
	};
	objectVersion = 56;
	objects = {

/* Begin PBXBuildFile section */
		9A01 /* SatoriApp.swift in Sources */ = {isa = PBXBuildFile; fileRef = 9F01 /* SatoriApp.swift */; };
		9A02 /* Address.swift in Sources */ = {isa = PBXBuildFile; fileRef = 9F02 /* Address.swift */; };
		9A03 /* CartItem.swift in Sources */ = {isa = PBXBuildFile; fileRef = 9F03 /* CartItem.swift */; };
		9A04 /* Category.swift in Sources */ = {isa = PBXBuildFile; fileRef = 9F04 /* Category.swift */; };
		9A05 /* Craftsman.swift in Sources */ = {isa = PBXBuildFile; fileRef = 9F05 /* Craftsman.swift */; };
		9A06 /* FavoriteItem.swift in Sources */ = {isa = PBXBuildFile; fileRef = 9F06 /* FavoriteItem.swift */; };
		9A07 /* HeritageItem.swift in Sources */ = {isa = PBXBuildFile; fileRef = 9F07 /* HeritageItem.swift */; };
		9A08 /* Order.swift in Sources */ = {isa = PBXBuildFile; fileRef = 9F08 /* Order.swift */; };
		9A09 /* Product.swift in Sources */ = {isa = PBXBuildFile; fileRef = 9F09 /* Product.swift */; };
		9A10 /* User.swift in Sources */ = {isa = PBXBuildFile; fileRef = 9F10 /* User.swift */; };
		9A11 /* MainTabView.swift in Sources */ = {isa = PBXBuildFile; fileRef = 9F11 /* MainTabView.swift */; };
		9A12 /* CraftsmanCard.swift in Sources */ = {isa = PBXBuildFile; fileRef = 9F12 /* CraftsmanCard.swift */; };
		9A13 /* EmptyStateView.swift in Sources */ = {isa = PBXBuildFile; fileRef = 9F13 /* EmptyStateView.swift */; };
		9A14 /* HeritageCard.swift in Sources */ = {isa = PBXBuildFile; fileRef = 9F14 /* HeritageCard.swift */; };
		9A15 /* ProductCard.swift in Sources */ = {isa = PBXBuildFile; fileRef = 9F15 /* ProductCard.swift */; };
		9A16 /* CategoryListView.swift in Sources */ = {isa = PBXBuildFile; fileRef = 9F16 /* CategoryListView.swift */; };
		9A17 /* CraftsmanDetailView.swift in Sources */ = {isa = PBXBuildFile; fileRef = 9F17 /* CraftsmanDetailView.swift */; };
		9A18 /* HeritageDetailView.swift in Sources */ = {isa = PBXBuildFile; fileRef = 9F18 /* HeritageDetailView.swift */; };
		9A19 /* ImageGalleryView.swift in Sources */ = {isa = PBXBuildFile; fileRef = 9F19 /* ImageGalleryView.swift */; };
		9A20 /* CategoryTabView.swift in Sources */ = {isa = PBXBuildFile; fileRef = 9F20 /* CategoryTabView.swift */; };
		9A21 /* HomeView.swift in Sources */ = {isa = PBXBuildFile; fileRef = 9F21 /* HomeView.swift */; };
		9A22 /* ProfileView.swift in Sources */ = {isa = PBXBuildFile; fileRef = 9F22 /* ProfileView.swift */; };
		9A23 /* Heritage3DView.swift in Sources */ = {isa = PBXBuildFile; fileRef = 9F23 /* Heritage3DView.swift */; };
		9A24 /* ImmersiveView.swift in Sources */ = {isa = PBXBuildFile; fileRef = 9F24 /* ImmersiveView.swift */; };
		9A25 /* SpatialContainerView.swift in Sources */ = {isa = PBXBuildFile; fileRef = 9F25 /* SpatialContainerView.swift */; };
		9A26 /* SatoriPreview.swift in Sources */ = {isa = PBXBuildFile; fileRef = 9F26 /* SatoriPreview.swift */; };
		9A27 /* AddressEditView.swift in Sources */ = {isa = PBXBuildFile; fileRef = 9F27 /* AddressEditView.swift */; };
		9A28 /* AddressListView.swift in Sources */ = {isa = PBXBuildFile; fileRef = 9F28 /* AddressListView.swift */; };
		9A29 /* FavoritesView.swift in Sources */ = {isa = PBXBuildFile; fileRef = 9F29 /* FavoritesView.swift */; };
		9A30 /* SettingsView.swift in Sources */ = {isa = PBXBuildFile; fileRef = 9F30 /* SettingsView.swift */; };
		9A31 /* SearchView.swift in Sources */ = {isa = PBXBuildFile; fileRef = 9F31 /* SearchView.swift */; };
		9A32 /* SearchViewModel.swift in Sources */ = {isa = PBXBuildFile; fileRef = 9F32 /* SearchViewModel.swift */; };
		9A33 /* CartView.swift in Sources */ = {isa = PBXBuildFile; fileRef = 9F33 /* CartView.swift */; };
		9A34 /* OrderConfirmView.swift in Sources */ = {isa = PBXBuildFile; fileRef = 9F34 /* OrderConfirmView.swift */; };
		9A35 /* OrderDetailView.swift in Sources */ = {isa = PBXBuildFile; fileRef = 9F35 /* OrderDetailView.swift */; };
		9A36 /* OrderListView.swift in Sources */ = {isa = PBXBuildFile; fileRef = 9F36 /* OrderListView.swift */; };
		9A37 /* ProductDetailView.swift in Sources */ = {isa = PBXBuildFile; fileRef = 9F37 /* ProductDetailView.swift */; };
		9A38 /* ProductListView.swift in Sources */ = {isa = PBXBuildFile; fileRef = 9F38 /* ProductListView.swift */; };
		9A39 /* CartViewModel.swift in Sources */ = {isa = PBXBuildFile; fileRef = 9F39 /* CartViewModel.swift */; };
		9A40 /* FavoritesViewModel.swift in Sources */ = {isa = PBXBuildFile; fileRef = 9F40 /* FavoritesViewModel.swift */; };
		9A41 /* OrderViewModel.swift in Sources */ = {isa = PBXBuildFile; fileRef = 9F41 /* OrderViewModel.swift */; };
		9A42 /* ProfileViewModel.swift in Sources */ = {isa = PBXBuildFile; fileRef = 9F42 /* ProfileViewModel.swift */; };
		9A43 /* MockData.swift in Sources */ = {isa = PBXBuildFile; fileRef = 9F43 /* MockData.swift */; };
		9A44 /* MockDataService.swift in Sources */ = {isa = PBXBuildFile; fileRef = 9F44 /* MockDataService.swift */; };
		9A45 /* PlatformDetector.swift in Sources */ = {isa = PBXBuildFile; fileRef = 9F45 /* PlatformDetector.swift */; };
		9A46 /* Colors.swift in Sources */ = {isa = PBXBuildFile; fileRef = 9F46 /* Colors.swift */; };
		9A47 /* DesignSystem.swift in Sources */ = {isa = PBXBuildFile; fileRef = 9F47 /* DesignSystem.swift */; };
		9A48 /* Resources/Assets.xcassets in Resources */ = {isa = PBXBuildFile; fileRef = 9F48 /* Resources/Assets.xcassets */; };
		9A49 /* Views/SplashScreenView.swift in Sources */ = {isa = PBXBuildFile; fileRef = 9F49 /* Views/SplashScreenView.swift */; };
		9A50 /* ShopView.swift in Sources */ = {isa = PBXBuildFile; fileRef = 9F51 /* ShopView.swift */; };
/* End PBXBuildFile section */

/* Begin PBXFileReference section */
		9F01 /* SatoriApp.swift */ = {isa = PBXFileReference; lastKnownFileType = sourcecode.swift; path = SatoriApp.swift; sourceTree = "<group>"; };
		9F02 /* Address.swift */ = {isa = PBXFileReference; lastKnownFileType = sourcecode.swift; path = Address.swift; sourceTree = "<group>"; };
		9F03 /* CartItem.swift */ = {isa = PBXFileReference; lastKnownFileType = sourcecode.swift; path = CartItem.swift; sourceTree = "<group>"; };
		9F04 /* Category.swift */ = {isa = PBXFileReference; lastKnownFileType = sourcecode.swift; path = Category.swift; sourceTree = "<group>"; };
		9F05 /* Craftsman.swift */ = {isa = PBXFileReference; lastKnownFileType = sourcecode.swift; path = Craftsman.swift; sourceTree = "<group>"; };
		9F06 /* FavoriteItem.swift */ = {isa = PBXFileReference; lastKnownFileType = sourcecode.swift; path = FavoriteItem.swift; sourceTree = "<group>"; };
		9F07 /* HeritageItem.swift */ = {isa = PBXFileReference; lastKnownFileType = sourcecode.swift; path = HeritageItem.swift; sourceTree = "<group>"; };
		9F08 /* Order.swift */ = {isa = PBXFileReference; lastKnownFileType = sourcecode.swift; path = Order.swift; sourceTree = "<group>"; };
		9F09 /* Product.swift */ = {isa = PBXFileReference; lastKnownFileType = sourcecode.swift; path = Product.swift; sourceTree = "<group>"; };
		9F10 /* User.swift */ = {isa = PBXFileReference; lastKnownFileType = sourcecode.swift; path = User.swift; sourceTree = "<group>"; };
		9F11 /* MainTabView.swift */ = {isa = PBXFileReference; lastKnownFileType = sourcecode.swift; path = MainTabView.swift; sourceTree = "<group>"; };
		9F12 /* CraftsmanCard.swift */ = {isa = PBXFileReference; lastKnownFileType = sourcecode.swift; path = CraftsmanCard.swift; sourceTree = "<group>"; };
		9F13 /* EmptyStateView.swift */ = {isa = PBXFileReference; lastKnownFileType = sourcecode.swift; path = EmptyStateView.swift; sourceTree = "<group>"; };
		9F14 /* HeritageCard.swift */ = {isa = PBXFileReference; lastKnownFileType = sourcecode.swift; path = HeritageCard.swift; sourceTree = "<group>"; };
		9F15 /* ProductCard.swift */ = {isa = PBXFileReference; lastKnownFileType = sourcecode.swift; path = ProductCard.swift; sourceTree = "<group>"; };
		9F16 /* CategoryListView.swift */ = {isa = PBXFileReference; lastKnownFileType = sourcecode.swift; path = CategoryListView.swift; sourceTree = "<group>"; };
		9F17 /* CraftsmanDetailView.swift */ = {isa = PBXFileReference; lastKnownFileType = sourcecode.swift; path = CraftsmanDetailView.swift; sourceTree = "<group>"; };
		9F18 /* HeritageDetailView.swift */ = {isa = PBXFileReference; lastKnownFileType = sourcecode.swift; path = HeritageDetailView.swift; sourceTree = "<group>"; };
		9F19 /* ImageGalleryView.swift */ = {isa = PBXFileReference; lastKnownFileType = sourcecode.swift; path = ImageGalleryView.swift; sourceTree = "<group>"; };
		9F20 /* CategoryTabView.swift */ = {isa = PBXFileReference; lastKnownFileType = sourcecode.swift; path = CategoryTabView.swift; sourceTree = "<group>"; };
		9F21 /* HomeView.swift */ = {isa = PBXFileReference; lastKnownFileType = sourcecode.swift; path = HomeView.swift; sourceTree = "<group>"; };
		9F22 /* ProfileView.swift */ = {isa = PBXFileReference; lastKnownFileType = sourcecode.swift; path = ProfileView.swift; sourceTree = "<group>"; };
		9F23 /* Heritage3DView.swift */ = {isa = PBXFileReference; lastKnownFileType = sourcecode.swift; path = Heritage3DView.swift; sourceTree = "<group>"; };
		9F24 /* ImmersiveView.swift */ = {isa = PBXFileReference; lastKnownFileType = sourcecode.swift; path = ImmersiveView.swift; sourceTree = "<group>"; };
		9F25 /* SpatialContainerView.swift */ = {isa = PBXFileReference; lastKnownFileType = sourcecode.swift; path = SpatialContainerView.swift; sourceTree = "<group>"; };
		9F26 /* SatoriPreview.swift */ = {isa = PBXFileReference; lastKnownFileType = sourcecode.swift; path = SatoriPreview.swift; sourceTree = "<group>"; };
		9F27 /* AddressEditView.swift */ = {isa = PBXFileReference; lastKnownFileType = sourcecode.swift; path = AddressEditView.swift; sourceTree = "<group>"; };
		9F28 /* AddressListView.swift */ = {isa = PBXFileReference; lastKnownFileType = sourcecode.swift; path = AddressListView.swift; sourceTree = "<group>"; };
		9F29 /* FavoritesView.swift */ = {isa = PBXFileReference; lastKnownFileType = sourcecode.swift; path = FavoritesView.swift; sourceTree = "<group>"; };
		9F30 /* SettingsView.swift */ = {isa = PBXFileReference; lastKnownFileType = sourcecode.swift; path = SettingsView.swift; sourceTree = "<group>"; };
		9F31 /* SearchView.swift */ = {isa = PBXFileReference; lastKnownFileType = sourcecode.swift; path = SearchView.swift; sourceTree = "<group>"; };
		9F32 /* SearchViewModel.swift */ = {isa = PBXFileReference; lastKnownFileType = sourcecode.swift; path = SearchViewModel.swift; sourceTree = "<group>"; };
		9F33 /* CartView.swift */ = {isa = PBXFileReference; lastKnownFileType = sourcecode.swift; path = CartView.swift; sourceTree = "<group>"; };
		9F34 /* OrderConfirmView.swift */ = {isa = PBXFileReference; lastKnownFileType = sourcecode.swift; path = OrderConfirmView.swift; sourceTree = "<group>"; };
		9F35 /* OrderDetailView.swift */ = {isa = PBXFileReference; lastKnownFileType = sourcecode.swift; path = OrderDetailView.swift; sourceTree = "<group>"; };
		9F36 /* OrderListView.swift */ = {isa = PBXFileReference; lastKnownFileType = sourcecode.swift; path = OrderListView.swift; sourceTree = "<group>"; };
		9F37 /* ProductDetailView.swift */ = {isa = PBXFileReference; lastKnownFileType = sourcecode.swift; path = ProductDetailView.swift; sourceTree = "<group>"; };
		9F38 /* ProductListView.swift */ = {isa = PBXFileReference; lastKnownFileType = sourcecode.swift; path = ProductListView.swift; sourceTree = "<group>"; };
		9F39 /* CartViewModel.swift */ = {isa = PBXFileReference; lastKnownFileType = sourcecode.swift; path = CartViewModel.swift; sourceTree = "<group>"; };
		9F40 /* FavoritesViewModel.swift */ = {isa = PBXFileReference; lastKnownFileType = sourcecode.swift; path = FavoritesViewModel.swift; sourceTree = "<group>"; };
		9F41 /* OrderViewModel.swift */ = {isa = PBXFileReference; lastKnownFileType = sourcecode.swift; path = OrderViewModel.swift; sourceTree = "<group>"; };
		9F42 /* ProfileViewModel.swift */ = {isa = PBXFileReference; lastKnownFileType = sourcecode.swift; path = ProfileViewModel.swift; sourceTree = "<group>"; };
		9F43 /* MockData.swift */ = {isa = PBXFileReference; lastKnownFileType = sourcecode.swift; path = MockData.swift; sourceTree = "<group>"; };
		9F44 /* MockDataService.swift */ = {isa = PBXFileReference; lastKnownFileType = sourcecode.swift; path = MockDataService.swift; sourceTree = "<group>"; };
		9F45 /* PlatformDetector.swift */ = {isa = PBXFileReference; lastKnownFileType = sourcecode.swift; path = PlatformDetector.swift; sourceTree = "<group>"; };
		9F46 /* Colors.swift */ = {isa = PBXFileReference; lastKnownFileType = sourcecode.swift; path = Colors.swift; sourceTree = "<group>"; };
		9F47 /* DesignSystem.swift */ = {isa = PBXFileReference; lastKnownFileType = sourcecode.swift; path = DesignSystem.swift; sourceTree = "<group>"; };
		9F48 /* Resources/Assets.xcassets */ = {isa = PBXFileReference; lastKnownFileType = folder.assetcatalog; path = Resources/Assets.xcassets; sourceTree = "<group>"; };
		9F49 /* Views/SplashScreenView.swift */ = {isa = PBXFileReference; lastKnownFileType = sourcecode.swift; path = Views/SplashScreenView.swift; sourceTree = "<group>"; };
		9F51 /* ShopView.swift */ = {isa = PBXFileReference; lastKnownFileType = sourcecode.swift; path = ShopView.swift; sourceTree = "<group>"; };
		9F50 /* App/Info.plist */ = {isa = PBXFileReference; lastKnownFileType = text.plist.xml; path = App/Info.plist; sourceTree = "<group>"; };
		EBBA7DFC2FE8AB49004FC08D /* Satori.app */ = {isa = PBXFileReference; explicitFileType = wrapper.application; includeInIndex = 0; path = Satori.app; sourceTree = BUILT_PRODUCTS_DIR; };
/* End PBXFileReference section */

/* Begin PBXFrameworksBuildPhase section */
		9C01 /* Frameworks */ = {
			isa = PBXFrameworksBuildPhase;
			buildActionMask = 2147483647;
			files = (
			);
			runOnlyForDeploymentPostprocessing = 0;
		};
/* End PBXFrameworksBuildPhase section */

/* Begin PBXGroup section */
		9G01 = {
			isa = PBXGroup;
			children = (
				9G02 /* App */,
				9G03 /* Models */,
				9G04 /* Views */,
				9G05 /* ViewModels */,
				9G06 /* Services */,
				9G07 /* Shared */,
				9G08 /* Theme */,
				9F48 /* Resources/Assets.xcassets */,
				9F50 /* App/Info.plist */,
				9F49 /* Views/SplashScreenView.swift */,
				EBBA7DFC2FE8AB49004FC08D /* Satori.app */,
			);
			sourceTree = "<group>";
		};
		9G02 /* App */ = {
			isa = PBXGroup;
			children = (
				9F01 /* SatoriApp.swift */,
			);
			path = App;
			sourceTree = "<group>";
		};
		9G03 /* Models */ = {
			isa = PBXGroup;
			children = (
				9F02 /* Address.swift */,
				9F03 /* CartItem.swift */,
				9F04 /* Category.swift */,
				9F05 /* Craftsman.swift */,
				9F06 /* FavoriteItem.swift */,
				9F07 /* HeritageItem.swift */,
				9F08 /* Order.swift */,
				9F09 /* Product.swift */,
				9F10 /* User.swift */,
			);
			path = Models;
			sourceTree = "<group>";
		};
		9G04 /* Views */ = {
			isa = PBXGroup;
			children = (
				9F11 /* MainTabView.swift */,
				9G09 /* Components */,
				9G10 /* Detail */,
				9G13 /* Home */,
				9G14 /* Immersive */,
				9G15 /* Preview */,
				9G16 /* Profile */,
				9G17 /* Search */,
				9G18 /* Shop */,
			);
			path = Views;
			sourceTree = "<group>";
		};
		9G05 /* ViewModels */ = {
			isa = PBXGroup;
			children = (
				9F39 /* CartViewModel.swift */,
				9F40 /* FavoritesViewModel.swift */,
				9F41 /* OrderViewModel.swift */,
				9F42 /* ProfileViewModel.swift */,
			);
			path = ViewModels;
			sourceTree = "<group>";
		};
		9G06 /* Services */ = {
			isa = PBXGroup;
			children = (
				9F43 /* MockData.swift */,
				9F44 /* MockDataService.swift */,
			);
			path = Services;
			sourceTree = "<group>";
		};
		9G07 /* Shared */ = {
			isa = PBXGroup;
			children = (
				9F45 /* PlatformDetector.swift */,
			);
			path = Shared;
			sourceTree = "<group>";
		};
		9G08 /* Theme */ = {
			isa = PBXGroup;
			children = (
				9F46 /* Colors.swift */,
				9F47 /* DesignSystem.swift */,
			);
			path = Theme;
			sourceTree = "<group>";
		};
		9G09 /* Components */ = {
			isa = PBXGroup;
			children = (
				9F12 /* CraftsmanCard.swift */,
				9F13 /* EmptyStateView.swift */,
				9F14 /* HeritageCard.swift */,
				9F15 /* ProductCard.swift */,
			);
			path = Components;
			sourceTree = "<group>";
		};
		9G10 /* Detail */ = {
			isa = PBXGroup;
			children = (
				9F16 /* CategoryListView.swift */,
				9F17 /* CraftsmanDetailView.swift */,
				9F18 /* HeritageDetailView.swift */,
				9F19 /* ImageGalleryView.swift */,
			);
			path = Detail;
			sourceTree = "<group>";
		};
		9G13 /* Home */ = {
			isa = PBXGroup;
			children = (
				9F20 /* CategoryTabView.swift */,
				9F21 /* HomeView.swift */,
				9F22 /* ProfileView.swift */,
			);
			path = Home;
			sourceTree = "<group>";
		};
		9G14 /* Immersive */ = {
			isa = PBXGroup;
			children = (
				9F23 /* Heritage3DView.swift */,
				9F24 /* ImmersiveView.swift */,
				9F25 /* SpatialContainerView.swift */,
			);
			path = Immersive;
			sourceTree = "<group>";
		};
		9G15 /* Preview */ = {
			isa = PBXGroup;
			children = (
				9F26 /* SatoriPreview.swift */,
			);
			path = Preview;
			sourceTree = "<group>";
		};
		9G16 /* Profile */ = {
			isa = PBXGroup;
			children = (
				9F27 /* AddressEditView.swift */,
				9F28 /* AddressListView.swift */,
				9F29 /* FavoritesView.swift */,
				9F30 /* SettingsView.swift */,
			);
			path = Profile;
			sourceTree = "<group>";
		};
		9G17 /* Search */ = {
			isa = PBXGroup;
			children = (
				9F31 /* SearchView.swift */,
				9F32 /* SearchViewModel.swift */,
			);
			path = Search;
			sourceTree = "<group>";
		};
		9G18 /* Shop */ = {
			isa = PBXGroup;
			children = (
				9F51 /* ShopView.swift */,
				9F33 /* CartView.swift */,
				9F34 /* OrderConfirmView.swift */,
				9F35 /* OrderDetailView.swift */,
				9F36 /* OrderListView.swift */,
				9F37 /* ProductDetailView.swift */,
				9F38 /* ProductListView.swift */,
			);
			path = Shop;
			sourceTree = "<group>";
		};
/* End PBXGroup section */

/* Begin PBXNativeTarget section */
		9T01 /* Satori */ = {
			isa = PBXNativeTarget;
			buildConfigurationList = 9L01 /* Build configuration list for PBXNativeTarget "Satori" */;
			buildPhases = (
				9B01 /* Sources */,
				9C01 /* Frameworks */,
				9D01 /* Resources */,
			);
			buildRules = (
			);
			dependencies = (
			);
			name = Satori;
			productName = Satori;
			productReference = EBBA7DFC2FE8AB49004FC08D /* Satori.app */;
			productType = "com.apple.product-type.application";
		};
/* End PBXNativeTarget section */

/* Begin PBXProject section */
		9P01 /* Project object */ = {
			isa = PBXProject;
			attributes = {
				BuildIndependentTargetsInParallel = 1;
				LastSwiftUpdateCheck = 1500;
				LastUpgradeCheck = 2650;
				TargetAttributes = {
					9T01 = {
						CreatedOnToolsVersion = 15.0;
					};
				};
			};
			buildConfigurationList = 9L02 /* Build configuration list for PBXProject "Satori" */;
			compatibilityVersion = "Xcode 14.0";
			developmentRegion = en;
			hasScannedForEncodings = 0;
			knownRegions = (
				en,
				Base,
			);
			mainGroup = 9G01;
			productRefGroup = 9G01;
			projectDirPath = "";
			projectRoot = "";
			targets = (
				9T01 /* Satori */,
			);
		};
/* End PBXProject section */

/* Begin PBXResourcesBuildPhase section */
		9D01 /* Resources */ = {
			isa = PBXResourcesBuildPhase;
			buildActionMask = 2147483647;
			files = (
				9A48 /* Resources/Assets.xcassets in Resources */,
			);
			runOnlyForDeploymentPostprocessing = 0;
		};
/* End PBXResourcesBuildPhase section */

/* Begin PBXSourcesBuildPhase section */
		9B01 /* Sources */ = {
			isa = PBXSourcesBuildPhase;
			buildActionMask = 2147483647;
			files = (
				9A01 /* SatoriApp.swift in Sources */,
				9A02 /* Address.swift in Sources */,
				9A03 /* CartItem.swift in Sources */,
				9A04 /* Category.swift in Sources */,
				9A05 /* Craftsman.swift in Sources */,
				9A06 /* FavoriteItem.swift in Sources */,
				9A07 /* HeritageItem.swift in Sources */,
				9A08 /* Order.swift in Sources */,
				9A09 /* Product.swift in Sources */,
				9A10 /* User.swift in Sources */,
				9A11 /* MainTabView.swift in Sources */,
				9A12 /* CraftsmanCard.swift in Sources */,
				9A13 /* EmptyStateView.swift in Sources */,
				9A14 /* HeritageCard.swift in Sources */,
				9A15 /* ProductCard.swift in Sources */,
				9A16 /* CategoryListView.swift in Sources */,
				9A17 /* CraftsmanDetailView.swift in Sources */,
				9A18 /* HeritageDetailView.swift in Sources */,
				9A19 /* ImageGalleryView.swift in Sources */,
				9A20 /* CategoryTabView.swift in Sources */,
				9A21 /* HomeView.swift in Sources */,
				9A22 /* ProfileView.swift in Sources */,
				9A23 /* Heritage3DView.swift in Sources */,
				9A24 /* ImmersiveView.swift in Sources */,
				9A25 /* SpatialContainerView.swift in Sources */,
				9A26 /* SatoriPreview.swift in Sources */,
				9A27 /* AddressEditView.swift in Sources */,
				9A28 /* AddressListView.swift in Sources */,
				9A29 /* FavoritesView.swift in Sources */,
				9A30 /* SettingsView.swift in Sources */,
				9A31 /* SearchView.swift in Sources */,
				9A32 /* SearchViewModel.swift in Sources */,
				9A33 /* CartView.swift in Sources */,
				9A34 /* OrderConfirmView.swift in Sources */,
				9A35 /* OrderDetailView.swift in Sources */,
				9A36 /* OrderListView.swift in Sources */,
				9A37 /* ProductDetailView.swift in Sources */,
				9A38 /* ProductListView.swift in Sources */,
				9A39 /* CartViewModel.swift in Sources */,
				9A40 /* FavoritesViewModel.swift in Sources */,
				9A41 /* OrderViewModel.swift in Sources */,
				9A42 /* ProfileViewModel.swift in Sources */,
				9A43 /* MockData.swift in Sources */,
				9A44 /* MockDataService.swift in Sources */,
				9A45 /* PlatformDetector.swift in Sources */,
				9A46 /* Colors.swift in Sources */,
				9A47 /* DesignSystem.swift in Sources */,
				9A50 /* ShopView.swift in Sources */,
				9A49 /* Views/SplashScreenView.swift in Sources */,
			);
			runOnlyForDeploymentPostprocessing = 0;
		};
/* End PBXSourcesBuildPhase section */

/* Begin XCBuildConfiguration section */
		9X01 /* Debug */ = {
			isa = XCBuildConfiguration;
			buildSettings = {
				ALWAYS_SEARCH_USER_PATHS = NO;
				ASSETCATALOG_COMPILER_APPICON_NAME = AppIcon;
				ASSETCATALOG_COMPILER_GLOBAL_ACCENT_COLOR_NAME = AccentColor;
				CLANG_ANALYZER_NONNULL = YES;
				CLANG_ANALYZER_NUMBER_OBJECT_CONVERSION = YES_AGGRESSIVE;
				CLANG_CXX_LANGUAGE_STANDARD = "gnu++20";
				CLANG_ENABLE_MODULES = YES;
				CLANG_ENABLE_OBJC_ARC = YES;
				CLANG_ENABLE_OBJC_WEAK = YES;
				CLANG_WARN_BLOCK_CAPTURE_AUTORELEASING = YES;
				CLANG_WARN_BOOL_CONVERSION = YES;
				CLANG_WARN_COMMA = YES;
				CLANG_WARN_CONSTANT_CONVERSION = YES;
				CLANG_WARN_DEPRECATED_OBJC_IMPLEMENTATIONS = YES;
				CLANG_WARN_DIRECT_OBJC_ISA_USAGE = YES_ERROR;
				CLANG_WARN_DOCUMENTATION_COMMENTS = YES;
				CLANG_WARN_EMPTY_BODY = YES;
				CLANG_WARN_ENUM_CONVERSION = YES;
				CLANG_WARN_INFINITE_RECURSION = YES;
				CLANG_WARN_INT_CONVERSION = YES;
				CLANG_WARN_NON_LITERAL_NULL_CONVERSION = YES;
				CLANG_WARN_OBJC_IMPLICIT_RETAIN_SELF = YES;
				CLANG_WARN_OBJC_LITERAL_CONVERSION = YES;
				CLANG_WARN_OBJC_ROOT_CLASS = YES_ERROR;
				CLANG_WARN_QUOTED_INCLUDE_IN_FRAMEWORK_HEADER = YES;
				CLANG_WARN_RANGE_LOOP_ANALYSIS = YES;
				CLANG_WARN_STRICT_PROTOTYPES = YES;
				CLANG_WARN_SUSPICIOUS_MOVE = YES;
				CLANG_WARN_UNGUARDED_AVAILABILITY = YES_AGGRESSIVE;
				CLANG_WARN_UNREACHABLE_CODE = YES;
				CLANG_WARN__DUPLICATE_METHOD_MATCH = YES;
				CODE_SIGN_ENTITLEMENTS = App/Satori.entitlements;
				CODE_SIGN_STYLE = Automatic;
				COPY_PHASE_STRIP = NO;
				CURRENT_PROJECT_VERSION = 1;
				DEBUG_INFORMATION_FORMAT = dwarf;
				DEVELOPMENT_TEAM = YRRX3ZPSVB;
				ENABLE_STRICT_OBJC_MSGSEND = YES;
				ENABLE_TESTABILITY = YES;
				ENABLE_USER_SCRIPT_SANDBOXING = YES;
				GCC_C_LANGUAGE_STANDARD = gnu17;
				GCC_DYNAMIC_NO_PIC = NO;
				GCC_NO_COMMON_BLOCKS = YES;
				GCC_PREPROCESSOR_DEFINITIONS = (
					"DEBUG=1",
					"$(inherited)",
				);
				GCC_WARN_64_TO_32_BIT_CONVERSION = YES;
				GCC_WARN_ABOUT_RETURN_TYPE = YES_ERROR;
				GCC_WARN_UNDECLARED_SELECTOR = YES;
				GCC_WARN_UNINITIALIZED_AUTOS = YES_AGGRESSIVE;
				GCC_WARN_UNUSED_FUNCTION = YES;
				GCC_WARN_UNUSED_VARIABLE = YES;
				GENERATE_INFOPLIST_FILE = YES;
				INFOPLIST_FILE = App/Info.plist;
				INFOPLIST_KEY_CFBundleDisplayName = Satori;
				INFOPLIST_KEY_CFBundleName = Satori;
				INFOPLIST_KEY_LSApplicationCategoryType = "public.app-category.shopping";
				INFOPLIST_KEY_UIApplicationSceneManifest_Generation = YES;
				INFOPLIST_KEY_UIApplicationSupportsIndirectInputEvents = YES;
				INFOPLIST_KEY_UISupportedInterfaceOrientations_iPad = "UIInterfaceOrientationPortrait UIInterfaceOrientationPortraitUpsideDown UIInterfaceOrientationLandscapeLeft UIInterfaceOrientationLandscapeRight";
				INFOPLIST_KEY_UISupportedInterfaceOrientations_iPhone = "UIInterfaceOrientationPortrait UIInterfaceOrientationLandscapeLeft UIInterfaceOrientationLandscapeRight";
				IPHONEOS_DEPLOYMENT_TARGET = 17.0;
				LOCALIZATION_PREFERS_STRING_CATALOGS = YES;
				MARKETING_VERSION = 1.0;
				MTL_ENABLE_DEBUG_INFO = INCLUDE_SOURCE;
				MTL_FAST_MATH = YES;
				ONLY_ACTIVE_ARCH = YES;
				PRODUCT_BUNDLE_IDENTIFIER = com.satori.unimaker;
				PRODUCT_NAME = "$(TARGET_NAME)";
				SDKROOT = iphoneos;
				SWIFT_ACTIVE_COMPILATION_CONDITIONS = "DEBUG $(inherited)";
				SWIFT_EMIT_LOC_STRINGS = YES;
				SWIFT_OPTIMIZATION_LEVEL = "-Onone";
				SWIFT_VERSION = 5.0;
				TARGETED_DEVICE_FAMILY = "1,2,7";
			};
			name = Debug;
		};
		9X02 /* Release */ = {
			isa = XCBuildConfiguration;
			buildSettings = {
				ALWAYS_SEARCH_USER_PATHS = NO;
				ASSETCATALOG_COMPILER_APPICON_NAME = AppIcon;
				ASSETCATALOG_COMPILER_GLOBAL_ACCENT_COLOR_NAME = AccentColor;
				CLANG_ANALYZER_NONNULL = YES;
				CLANG_ANALYZER_NUMBER_OBJECT_CONVERSION = YES_AGGRESSIVE;
				CLANG_CXX_LANGUAGE_STANDARD = "gnu++20";
				CLANG_ENABLE_MODULES = YES;
				CLANG_ENABLE_OBJC_ARC = YES;
				CLANG_ENABLE_OBJC_WEAK = YES;
				CLANG_WARN_BLOCK_CAPTURE_AUTORELEASING = YES;
				CLANG_WARN_BOOL_CONVERSION = YES;
				CLANG_WARN_COMMA = YES;
				CLANG_WARN_CONSTANT_CONVERSION = YES;
				CLANG_WARN_DEPRECATED_OBJC_IMPLEMENTATIONS = YES;
				CLANG_WARN_DIRECT_OBJC_ISA_USAGE = YES_ERROR;
				CLANG_WARN_DOCUMENTATION_COMMENTS = YES;
				CLANG_WARN_EMPTY_BODY = YES;
				CLANG_WARN_ENUM_CONVERSION = YES;
				CLANG_WARN_INFINITE_RECURSION = YES;
				CLANG_WARN_INT_CONVERSION = YES;
				CLANG_WARN_NON_LITERAL_NULL_CONVERSION = YES;
				CLANG_WARN_OBJC_IMPLICIT_RETAIN_SELF = YES;
				CLANG_WARN_OBJC_LITERAL_CONVERSION = YES;
				CLANG_WARN_OBJC_ROOT_CLASS = YES_ERROR;
				CLANG_WARN_QUOTED_INCLUDE_IN_FRAMEWORK_HEADER = YES;
				CLANG_WARN_RANGE_LOOP_ANALYSIS = YES;
				CLANG_WARN_STRICT_PROTOTYPES = YES;
				CLANG_WARN_SUSPICIOUS_MOVE = YES;
				CLANG_WARN_UNGUARDED_AVAILABILITY = YES_AGGRESSIVE;
				CLANG_WARN_UNREACHABLE_CODE = YES;
				CLANG_WARN__DUPLICATE_METHOD_MATCH = YES;
				CODE_SIGN_ENTITLEMENTS = App/Satori.entitlements;
				CODE_SIGN_STYLE = Automatic;
				COPY_PHASE_STRIP = NO;
				CURRENT_PROJECT_VERSION = 1;
				DEBUG_INFORMATION_FORMAT = "dwarf-with-dsym";
				DEVELOPMENT_TEAM = YRRX3ZPSVB;
				ENABLE_NS_ASSERTIONS = NO;
				ENABLE_STRICT_OBJC_MSGSEND = YES;
				ENABLE_USER_SCRIPT_SANDBOXING = YES;
				GCC_C_LANGUAGE_STANDARD = gnu17;
				GCC_NO_COMMON_BLOCKS = YES;
				GCC_WARN_64_TO_32_BIT_CONVERSION = YES;
				GCC_WARN_ABOUT_RETURN_TYPE = YES_ERROR;
				GCC_WARN_UNDECLARED_SELECTOR = YES;
				GCC_WARN_UNINITIALIZED_AUTOS = YES_AGGRESSIVE;
				GCC_WARN_UNUSED_FUNCTION = YES;
				GCC_WARN_UNUSED_VARIABLE = YES;
				GENERATE_INFOPLIST_FILE = YES;
				INFOPLIST_FILE = App/Info.plist;
				INFOPLIST_KEY_CFBundleDisplayName = Satori;
				INFOPLIST_KEY_CFBundleName = Satori;
				INFOPLIST_KEY_LSApplicationCategoryType = "public.app-category.shopping";
				INFOPLIST_KEY_UIApplicationSceneManifest_Generation = YES;
				INFOPLIST_KEY_UIApplicationSupportsIndirectInputEvents = YES;
				INFOPLIST_KEY_UISupportedInterfaceOrientations_iPad = "UIInterfaceOrientationPortrait UIInterfaceOrientationPortraitUpsideDown UIInterfaceOrientationLandscapeLeft UIInterfaceOrientationLandscapeRight";
				INFOPLIST_KEY_UISupportedInterfaceOrientations_iPhone = "UIInterfaceOrientationPortrait UIInterfaceOrientationLandscapeLeft UIInterfaceOrientationLandscapeRight";
				IPHONEOS_DEPLOYMENT_TARGET = 17.0;
				LOCALIZATION_PREFERS_STRING_CATALOGS = YES;
				MARKETING_VERSION = 1.0;
				MTL_ENABLE_DEBUG_INFO = NO;
				MTL_FAST_MATH = YES;
				PRODUCT_BUNDLE_IDENTIFIER = com.satori.unimaker;
				PRODUCT_NAME = "$(TARGET_NAME)";
				SDKROOT = iphoneos;
				SWIFT_COMPILATION_MODE = wholemodule;
				SWIFT_EMIT_LOC_STRINGS = YES;
				SWIFT_VERSION = 5.0;
				TARGETED_DEVICE_FAMILY = "1,2,7";
				VALIDATE_PRODUCT = YES;
			};
			name = Release;
		};
		9X03 /* Debug */ = {
			isa = XCBuildConfiguration;
			buildSettings = {
				ALWAYS_SEARCH_USER_PATHS = NO;
				ASSETCATALOG_COMPILER_GENERATE_SWIFT_ASSET_SYMBOL_EXTENSIONS = YES;
				CLANG_ANALYZER_NONNULL = YES;
				CLANG_ANALYZER_NUMBER_OBJECT_CONVERSION = YES_AGGRESSIVE;
				CLANG_CXX_LANGUAGE_STANDARD = "gnu++20";
				CLANG_ENABLE_MODULES = YES;
				CLANG_ENABLE_OBJC_ARC = YES;
				CLANG_ENABLE_OBJC_WEAK = YES;
				CLANG_WARN_BLOCK_CAPTURE_AUTORELEASING = YES;
				CLANG_WARN_BOOL_CONVERSION = YES;
				CLANG_WARN_COMMA = YES;
				CLANG_WARN_CONSTANT_CONVERSION = YES;
				CLANG_WARN_DEPRECATED_OBJC_IMPLEMENTATIONS = YES;
				CLANG_WARN_DIRECT_OBJC_ISA_USAGE = YES_ERROR;
				CLANG_WARN_DOCUMENTATION_COMMENTS = YES;
				CLANG_WARN_EMPTY_BODY = YES;
				CLANG_WARN_ENUM_CONVERSION = YES;
				CLANG_WARN_INFINITE_RECURSION = YES;
				CLANG_WARN_INT_CONVERSION = YES;
				CLANG_WARN_NON_LITERAL_NULL_CONVERSION = YES;
				CLANG_WARN_OBJC_IMPLICIT_RETAIN_SELF = YES;
				CLANG_WARN_OBJC_LITERAL_CONVERSION = YES;
				CLANG_WARN_OBJC_ROOT_CLASS = YES_ERROR;
				CLANG_WARN_QUOTED_INCLUDE_IN_FRAMEWORK_HEADER = YES;
				CLANG_WARN_RANGE_LOOP_ANALYSIS = YES;
				CLANG_WARN_STRICT_PROTOTYPES = YES;
				CLANG_WARN_SUSPICIOUS_MOVE = YES;
				CLANG_WARN_UNGUARDED_AVAILABILITY = YES_AGGRESSIVE;
				CLANG_WARN_UNREACHABLE_CODE = YES;
				CLANG_WARN__DUPLICATE_METHOD_MATCH = YES;
				COPY_PHASE_STRIP = NO;
				DEBUG_INFORMATION_FORMAT = dwarf;
				DEVELOPMENT_TEAM = YRRX3ZPSVB;
				ENABLE_STRICT_OBJC_MSGSEND = YES;
				ENABLE_TESTABILITY = YES;
				ENABLE_USER_SCRIPT_SANDBOXING = YES;
				GCC_C_LANGUAGE_STANDARD = gnu17;
				GCC_DYNAMIC_NO_PIC = NO;
				GCC_NO_COMMON_BLOCKS = YES;
				GCC_OPTIMIZATION_LEVEL = 0;
				GCC_PREPROCESSOR_DEFINITIONS = (
					"DEBUG=1",
					"$(inherited)",
				);
				GCC_WARN_64_TO_32_BIT_CONVERSION = YES;
				GCC_WARN_ABOUT_RETURN_TYPE = YES_ERROR;
				GCC_WARN_UNDECLARED_SELECTOR = YES;
				GCC_WARN_UNINITIALIZED_AUTOS = YES_AGGRESSIVE;
				GCC_WARN_UNUSED_FUNCTION = YES;
				GCC_WARN_UNUSED_VARIABLE = YES;
				LOCALIZATION_PREFERS_STRING_CATALOGS = YES;
				MTL_ENABLE_DEBUG_INFO = INCLUDE_SOURCE;
				MTL_FAST_MATH = YES;
				ONLY_ACTIVE_ARCH = YES;
				SDKROOT = iphoneos;
				STRING_CATALOG_GENERATE_SYMBOLS = YES;
				SWIFT_ACTIVE_COMPILATION_CONDITIONS = "DEBUG $(inherited)";
				SWIFT_OPTIMIZATION_LEVEL = "-Onone";
			};
			name = Debug;
		};
		9X04 /* Release */ = {
			isa = XCBuildConfiguration;
			buildSettings = {
				ALWAYS_SEARCH_USER_PATHS = NO;
				ASSETCATALOG_COMPILER_GENERATE_SWIFT_ASSET_SYMBOL_EXTENSIONS = YES;
				CLANG_ANALYZER_NONNULL = YES;
				CLANG_ANALYZER_NUMBER_OBJECT_CONVERSION = YES_AGGRESSIVE;
				CLANG_CXX_LANGUAGE_STANDARD = "gnu++20";
				CLANG_ENABLE_MODULES = YES;
				CLANG_ENABLE_OBJC_ARC = YES;
				CLANG_ENABLE_OBJC_WEAK = YES;
				CLANG_WARN_BLOCK_CAPTURE_AUTORELEASING = YES;
				CLANG_WARN_BOOL_CONVERSION = YES;
				CLANG_WARN_COMMA = YES;
				CLANG_WARN_CONSTANT_CONVERSION = YES;
				CLANG_WARN_DEPRECATED_OBJC_IMPLEMENTATIONS = YES;
				CLANG_WARN_DIRECT_OBJC_ISA_USAGE = YES_ERROR;
				CLANG_WARN_DOCUMENTATION_COMMENTS = YES;
				CLANG_WARN_EMPTY_BODY = YES;
				CLANG_WARN_ENUM_CONVERSION = YES;
				CLANG_WARN_INFINITE_RECURSION = YES;
				CLANG_WARN_INT_CONVERSION = YES;
				CLANG_WARN_NON_LITERAL_NULL_CONVERSION = YES;
				CLANG_WARN_OBJC_IMPLICIT_RETAIN_SELF = YES;
				CLANG_WARN_OBJC_LITERAL_CONVERSION = YES;
				CLANG_WARN_OBJC_ROOT_CLASS = YES_ERROR;
				CLANG_WARN_QUOTED_INCLUDE_IN_FRAMEWORK_HEADER = YES;
				CLANG_WARN_RANGE_LOOP_ANALYSIS = YES;
				CLANG_WARN_STRICT_PROTOTYPES = YES;
				CLANG_WARN_SUSPICIOUS_MOVE = YES;
				CLANG_WARN_UNGUARDED_AVAILABILITY = YES_AGGRESSIVE;
				CLANG_WARN_UNREACHABLE_CODE = YES;
				CLANG_WARN__DUPLICATE_METHOD_MATCH = YES;
				COPY_PHASE_STRIP = NO;
				DEBUG_INFORMATION_FORMAT = "dwarf-with-dsym";
				DEVELOPMENT_TEAM = YRRX3ZPSVB;
				ENABLE_NS_ASSERTIONS = NO;
				ENABLE_STRICT_OBJC_MSGSEND = YES;
				ENABLE_USER_SCRIPT_SANDBOXING = YES;
				GCC_C_LANGUAGE_STANDARD = gnu17;
				GCC_NO_COMMON_BLOCKS = YES;
				GCC_WARN_64_TO_32_BIT_CONVERSION = YES;
				GCC_WARN_ABOUT_RETURN_TYPE = YES_ERROR;
				GCC_WARN_UNDECLARED_SELECTOR = YES;
				GCC_WARN_UNINITIALIZED_AUTOS = YES_AGGRESSIVE;
				GCC_WARN_UNUSED_FUNCTION = YES;
				GCC_WARN_UNUSED_VARIABLE = YES;
				LOCALIZATION_PREFERS_STRING_CATALOGS = YES;
				MTL_ENABLE_DEBUG_INFO = NO;
				MTL_FAST_MATH = YES;
				SDKROOT = iphoneos;
				STRING_CATALOG_GENERATE_SYMBOLS = YES;
				SWIFT_COMPILATION_MODE = wholemodule;
				VALIDATE_PRODUCT = YES;
			};
			name = Release;
		};
/* End XCBuildConfiguration section */

/* Begin XCConfigurationList section */
		9L01 /* Build configuration list for PBXNativeTarget "Satori" */ = {
			isa = XCConfigurationList;
			buildConfigurations = (
				9X01 /* Debug */,
				9X02 /* Release */,
			);
			defaultConfigurationIsVisible = 0;
			defaultConfigurationName = Release;
		};
		9L02 /* Build configuration list for PBXProject "Satori" */ = {
			isa = XCConfigurationList;
			buildConfigurations = (
				9X03 /* Debug */,
				9X04 /* Release */,
			);
			defaultConfigurationIsVisible = 0;
			defaultConfigurationName = Release;
		};
/* End XCConfigurationList section */
	};
	rootObject = 9P01 /* Project object */;
}
