
Microsoft Visual Studio Solution File, Format Version 12.00
# Visual Studio Version 17
VisualStudioVersion = 17.0.31903.59
MinimumVisualStudioVersion = 10.0.40219.1
Project("{FAE04EC0-301F-11D3-BF4B-00C04F79EFBC}") = "AiCompanion.App", "src\AiCompanion.App\AiCompanion.App.csproj", "{A1B2C3D4-E5F6-7890-ABCD-EF1234567890}"
EndProject
Project("{FAE04EC0-301F-11D3-BF4B-00C04F79EFBC}") = "AiCompanion.Core", "src\AiCompanion.Core\AiCompanion.Core.csproj", "{B2C3D4E5-F6A7-8901-BCDE-F12345678901}"
EndProject
Project("{FAE04EC0-301F-11D3-BF4B-00C04F79EFBC}") = "AiCompanion.Infrastructure", "src\AiCompanion.Infrastructure\AiCompanion.Infrastructure.csproj", "{C3D4E5F6-A7B8-9012-CDEF-123456789012}"
EndProject
Project("{FAE04EC0-301F-11D3-BF4B-00C04F79EFBC}") = "AiCompanion.Animation", "src\AiCompanion.Animation\AiCompanion.Animation.csproj", "{D4E5F6A7-B8C9-0123-DEF1-234567890123}"
EndProject
Project("{FAE04EC0-301F-11D3-BF4B-00C04F79EFBC}") = "AiCompanion.Core.Tests", "tests\AiCompanion.Core.Tests\AiCompanion.Core.Tests.csproj", "{E5F6A7B8-C9D0-1234-EF12-345678901234}"
EndProject
Project("{FAE04EC0-301F-11D3-BF4B-00C04F79EFBC}") = "AiCompanion.Infrastructure.Tests", "tests\AiCompanion.Infrastructure.Tests\AiCompanion.Infrastructure.Tests.csproj", "{F6A7B8C9-D0E1-2345-F123-456789012345}"
EndProject
Global
	GlobalSection(SolutionConfigurationPlatforms) = preSolution
		Debug|x64 = Debug|x64
		Release|x64 = Release|x64
	EndGlobalSection
	GlobalSection(ProjectConfigurationPlatforms) = postSolution
		{A1B2C3D4-E5F6-7890-ABCD-EF1234567890}.Debug|x64.ActiveCfg = Debug|x64
		{A1B2C3D4-E5F6-7890-ABCD-EF1234567890}.Debug|x64.Build.0 = Debug|x64
		{A1B2C3D4-E5F6-7890-ABCD-EF1234567890}.Release|x64.ActiveCfg = Release|x64
		{A1B2C3D4-E5F6-7890-ABCD-EF1234567890}.Release|x64.Build.0 = Release|x64
		{B2C3D4E5-F6A7-8901-BCDE-F12345678901}.Debug|x64.ActiveCfg = Debug|x64
		{B2C3D4E5-F6A7-8901-BCDE-F12345678901}.Debug|x64.Build.0 = Debug|x64
		{B2C3D4E5-F6A7-8901-BCDE-F12345678901}.Release|x64.ActiveCfg = Release|x64
		{B2C3D4E5-F6A7-8901-BCDE-F12345678901}.Release|x64.Build.0 = Release|x64
		{C3D4E5F6-A7B8-9012-CDEF-123456789012}.Debug|x64.ActiveCfg = Debug|x64
		{C3D4E5F6-A7B8-9012-CDEF-123456789012}.Debug|x64.Build.0 = Debug|x64
		{C3D4E5F6-A7B8-9012-CDEF-123456789012}.Release|x64.ActiveCfg = Release|x64
		{C3D4E5F6-A7B8-9012-CDEF-123456789012}.Release|x64.Build.0 = Release|x64
		{D4E5F6A7-B8C9-0123-DEF1-234567890123}.Debug|x64.ActiveCfg = Debug|x64
		{D4E5F6A7-B8C9-0123-DEF1-234567890123}.Debug|x64.Build.0 = Debug|x64
		{D4E5F6A7-B8C9-0123-DEF1-234567890123}.Release|x64.ActiveCfg = Release|x64
		{D4E5F6A7-B8C9-0123-DEF1-234567890123}.Release|x64.Build.0 = Release|x64
		{E5F6A7B8-C9D0-1234-EF12-345678901234}.Debug|x64.ActiveCfg = Debug|x64
		{E5F6A7B8-C9D0-1234-EF12-345678901234}.Debug|x64.Build.0 = Debug|x64
		{E5F6A7B8-C9D0-1234-EF12-345678901234}.Release|x64.ActiveCfg = Release|x64
		{E5F6A7B8-C9D0-1234-EF12-345678901234}.Release|x64.Build.0 = Release|x64
		{F6A7B8C9-D0E1-2345-F123-456789012345}.Debug|x64.ActiveCfg = Debug|x64
		{F6A7B8C9-D0E1-2345-F123-456789012345}.Debug|x64.Build.0 = Debug|x64
		{F6A7B8C9-D0E1-2345-F123-456789012345}.Release|x64.ActiveCfg = Release|x64
		{F6A7B8C9-D0E1-2345-F123-456789012345}.Release|x64.Build.0 = Release|x64
	EndGlobalSection
EndGlobal
